
Microsoft Visual Studio Solution File, Format Version 12.00
# Visual Studio Version 17
VisualStudioVersion = 17.0.31903.59
MinimumVisualStudioVersion = 10.0.40219.1
Project("{FAE04EC0-301F-11D3-BF4B-00C04F79EFBC}") = "IKTpv25_1_Kolm_Rakendust_Windows_Form", "IKTpv25_1_Kolm_Rakendust_Windows_Form\IKTpv25_1_Kolm_Rakendust_Windows_Form.csproj", "{B7C1A2D4-5E3F-4A6B-9C8D-1F2E3A4B5C6D}"
EndProject
Global
	GlobalSection(SolutionConfigurationPlatforms) = preSolution
		Debug|Any CPU = Debug|Any CPU
		Release|Any CPU = Release|Any CPU
	EndGlobalSection
	GlobalSection(ProjectConfigurationPlatforms) = postSolution
		{B7C1A2D4-5E3F-4A6B-9C8D-1F2E3A4B5C6D}.Debug|Any CPU.ActiveCfg = Debug|Any CPU
		{B7C1A2D4-5E3F-4A6B-9C8D-1F2E3A4B5C6D}.Debug|Any CPU.Build.0 = Debug|Any CPU
		{B7C1A2D4-5E3F-4A6B-9C8D-1F2E3A4B5C6D}.Release|Any CPU.ActiveCfg = Release|Any CPU
		{B7C1A2D4-5E3F-4A6B-9C8D-1F2E3A4B5C6D}.Release|Any CPU.Build.0 = Release|Any CPU
	EndGlobalSection
EndGlobal
